// !$*UTF8*$!
{
	archiveVersion = 1;
	classes = {
	};
	objectVersion = 51;
	objects = {

/* Begin PBXBuildFile section */
		989218A5A559055777D76F01 /* Pods_weather.framework in Frameworks */ = {isa = PBXBuildFile; fileRef = FD833B7B95D52748404F1091 /* Pods_weather.framework */; };
		AE2A7514241A5DE800CD7905 /* AppDelegate.swift in Sources */ = {isa = PBXBuildFile; fileRef = AE2A7513241A5DE800CD7905 /* AppDelegate.swift */; };
		AE2A7516241A5DE800CD7905 /* SceneDelegate.swift in Sources */ = {isa = PBXBuildFile; fileRef = AE2A7515241A5DE800CD7905 /* SceneDelegate.swift */; };
		AE2A7518241A5DE800CD7905 /* ViewController.swift in Sources */ = {isa = PBXBuildFile; fileRef = AE2A7517241A5DE800CD7905 /* ViewController.swift */; };
		AE2A751B241A5DE800CD7905 /* Main.storyboard in Resources */ = {isa = PBXBuildFile; fileRef = AE2A7519241A5DE800CD7905 /* Main.storyboard */; };
		AE2A751D241A5DEB00CD7905 /* Assets.xcassets in Resources */ = {isa = PBXBuildFile; fileRef = AE2A751C241A5DEB00CD7905 /* Assets.xcassets */; };
		AE2A7520241A5DEB00CD7905 /* LaunchScreen.storyboard in Resources */ = {isa = PBXBuildFile; fileRef = AE2A751E241A5DEB00CD7905 /* LaunchScreen.storyboard */; };
		AE2A7529241B476D00CD7905 /* DataModels.swift in Sources */ = {isa = PBXBuildFile; fileRef = AE2A7528241B476D00CD7905 /* DataModels.swift */; };
		AE2A7530241E0F5E00CD7905 /* DataSource.swift in Sources */ = {isa = PBXBuildFile; fileRef = AE2A752F241E0F5E00CD7905 /* DataSource.swift */; };
		AE2A7532241F922400CD7905 /* NextDaysModel.swift in Sources */ = {isa = PBXBuildFile; fileRef = AE2A7531241F922400CD7905 /* NextDaysModel.swift */; };
		AE2D18D42423604600167BA1 /* Server.swift in Sources */ = {isa = PBXBuildFile; fileRef = AE2D18D32423604600167BA1 /* Server.swift */; };
		AE2D18DA24236BD600167BA1 /* Extensions.swift in Sources */ = {isa = PBXBuildFile; fileRef = AE2D18D924236BD600167BA1 /* Extensions.swift */; };
/* End PBXBuildFile section */

/* Begin PBXFileReference section */
		782B5D8EEA230203156FCBD4 /* Pods-weather.debug.xcconfig */ = {isa = PBXFileReference; includeInIndex = 1; lastKnownFileType = text.xcconfig; name = "Pods-weather.debug.xcconfig"; path = "Target Support Files/Pods-weather/Pods-weather.debug.xcconfig"; sourceTree = "<group>"; };
		A8189930329F34A86EEA2574 /* Pods-weather.release.xcconfig */ = {isa = PBXFileReference; includeInIndex = 1; lastKnownFileType = text.xcconfig; name = "Pods-weather.release.xcconfig"; path = "Target Support Files/Pods-weather/Pods-weather.release.xcconfig"; sourceTree = "<group>"; };
		AE2A7510241A5DE800CD7905 /* weather.app */ = {isa = PBXFileReference; explicitFileType = wrapper.application; includeInIndex = 0; path = weather.app; sourceTree = BUILT_PRODUCTS_DIR; };
		AE2A7513241A5DE800CD7905 /* AppDelegate.swift */ = {isa = PBXFileReference; lastKnownFileType = sourcecode.swift; path = AppDelegate.swift; sourceTree = "<group>"; };
		AE2A7515241A5DE800CD7905 /* SceneDelegate.swift */ = {isa = PBXFileReference; lastKnownFileType = sourcecode.swift; path = SceneDelegate.swift; sourceTree = "<group>"; };
		AE2A7517241A5DE800CD7905 /* ViewController.swift */ = {isa = PBXFileReference; lastKnownFileType = sourcecode.swift; path = ViewController.swift; sourceTree = "<group>"; };
		AE2A751A241A5DE800CD7905 /* Base */ = {isa = PBXFileReference; lastKnownFileType = file.storyboard; name = Base; path = Base.lproj/Main.storyboard; sourceTree = "<group>"; };
		AE2A751C241A5DEB00CD7905 /* Assets.xcassets */ = {isa = PBXFileReference; lastKnownFileType = folder.assetcatalog; path = Assets.xcassets; sourceTree = "<group>"; };
		AE2A751F241A5DEB00CD7905 /* Base */ = {isa = PBXFileReference; lastKnownFileType = file.storyboard; name = Base; path = Base.lproj/LaunchScreen.storyboard; sourceTree = "<group>"; };
		AE2A7521241A5DEB00CD7905 /* Info.plist */ = {isa = PBXFileReference; lastKnownFileType = text.plist.xml; path = Info.plist; sourceTree = "<group>"; };
		AE2A7528241B476D00CD7905 /* DataModels.swift */ = {isa = PBXFileReference; lastKnownFileType = sourcecode.swift; path = DataModels.swift; sourceTree = "<group>"; };
		AE2A752F241E0F5E00CD7905 /* DataSource.swift */ = {isa = PBXFileReference; fileEncoding = 4; lastKnownFileType = sourcecode.swift; path = DataSource.swift; sourceTree = "<group>"; };
		AE2A7531241F922400CD7905 /* NextDaysModel.swift */ = {isa = PBXFileReference; lastKnownFileType = sourcecode.swift; path = NextDaysModel.swift; sourceTree = "<group>"; };
		AE2D18D32423604600167BA1 /* Server.swift */ = {isa = PBXFileReference; lastKnownFileType = sourcecode.swift; path = Server.swift; sourceTree = "<group>"; };
		AE2D18D924236BD600167BA1 /* Extensions.swift */ = {isa = PBXFileReference; lastKnownFileType = sourcecode.swift; path = Extensions.swift; sourceTree = "<group>"; };
		FD833B7B95D52748404F1091 /* Pods_weather.framework */ = {isa = PBXFileReference; explicitFileType = wrapper.framework; includeInIndex = 0; path = Pods_weather.framework; sourceTree = BUILT_PRODUCTS_DIR; };
/* End PBXFileReference section */

/* Begin PBXFrameworksBuildPhase section */
		AE2A750D241A5DE800CD7905 /* Frameworks */ = {
			isa = PBXFrameworksBuildPhase;
			buildActionMask = 2147483647;
			files = (
				989218A5A559055777D76F01 /* Pods_weather.framework in Frameworks */,
			);
			runOnlyForDeploymentPostprocessing = 0;
		};
/* End PBXFrameworksBuildPhase section */

/* Begin PBXGroup section */
		298984DF5D993D0B6DC1B0A1 /* Frameworks */ = {
			isa = PBXGroup;
			children = (
				FD833B7B95D52748404F1091 /* Pods_weather.framework */,
			);
			name = Frameworks;
			sourceTree = "<group>";
		};
		A2AECD5FECCAB544C1F1D4F4 /* Pods */ = {
			isa = PBXGroup;
			children = (
				782B5D8EEA230203156FCBD4 /* Pods-weather.debug.xcconfig */,
				A8189930329F34A86EEA2574 /* Pods-weather.release.xcconfig */,
			);
			path = Pods;
			sourceTree = "<group>";
		};
		AE2A7507241A5DE800CD7905 = {
			isa = PBXGroup;
			children = (
				AE2A7512241A5DE800CD7905 /* weather */,
				AE2A7511241A5DE800CD7905 /* Products */,
				A2AECD5FECCAB544C1F1D4F4 /* Pods */,
				298984DF5D993D0B6DC1B0A1 /* Frameworks */,
			);
			sourceTree = "<group>";
		};
		AE2A7511241A5DE800CD7905 /* Products */ = {
			isa = PBXGroup;
			children = (
				AE2A7510241A5DE800CD7905 /* weather.app */,
			);
			name = Products;
			sourceTree = "<group>";
		};
		AE2A7512241A5DE800CD7905 /* weather */ = {
			isa = PBXGroup;
			children = (
				AE2D18D824236BC100167BA1 /* Extensions */,
				AE2D18D22423602400167BA1 /* ServerSide */,
				AE2A752E241D13AC00CD7905 /* Model */,
				AE2A752D241D133E00CD7905 /* Deleagates */,
				AE2A752C241D131700CD7905 /* Controllers */,
				AE2A7519241A5DE800CD7905 /* Main.storyboard */,
				AE2A751C241A5DEB00CD7905 /* Assets.xcassets */,
				AE2A751E241A5DEB00CD7905 /* LaunchScreen.storyboard */,
				AE2A7521241A5DEB00CD7905 /* Info.plist */,
			);
			path = weather;
			sourceTree = "<group>";
		};
		AE2A752C241D131700CD7905 /* Controllers */ = {
			isa = PBXGroup;
			children = (
				AE2A7517241A5DE800CD7905 /* ViewController.swift */,
			);
			path = Controllers;
			sourceTree = "<group>";
		};
		AE2A752D241D133E00CD7905 /* Deleagates */ = {
			isa = PBXGroup;
			children = (
				AE2A7513241A5DE800CD7905 /* AppDelegate.swift */,
				AE2A7515241A5DE800CD7905 /* SceneDelegate.swift */,
			);
			path = Deleagates;
			sourceTree = "<group>";
		};
		AE2A752E241D13AC00CD7905 /* Model */ = {
			isa = PBXGroup;
			children = (
				AE2A7528241B476D00CD7905 /* DataModels.swift */,
				AE2A752F241E0F5E00CD7905 /* DataSource.swift */,
				AE2A7531241F922400CD7905 /* NextDaysModel.swift */,
			);
			path = Model;
			sourceTree = "<group>";
		};
		AE2D18D22423602400167BA1 /* ServerSide */ = {
			isa = PBXGroup;
			children = (
				AE2D18D32423604600167BA1 /* Server.swift */,
			);
			path = ServerSide;
			sourceTree = "<group>";
		};
		AE2D18D824236BC100167BA1 /* Extensions */ = {
			isa = PBXGroup;
			children = (
				AE2D18D924236BD600167BA1 /* Extensions.swift */,
			);
			path = Extensions;
			sourceTree = "<group>";
		};
/* End PBXGroup section */

/* Begin PBXNativeTarget section */
		AE2A750F241A5DE800CD7905 /* weather */ = {
			isa = PBXNativeTarget;
			buildConfigurationList = AE2A7524241A5DEB00CD7905 /* Build configuration list for PBXNativeTarget "weather" */;
			buildPhases = (
				530EC6653D660DE80DA2D695 /* [CP] Check Pods Manifest.lock */,
				AE2A750C241A5DE800CD7905 /* Sources */,
				AE2A750D241A5DE800CD7905 /* Frameworks */,
				AE2A750E241A5DE800CD7905 /* Resources */,
				052DD9F5D182C781C99D64DF /* [CP] Embed Pods Frameworks */,
			);
			buildRules = (
			);
			dependencies = (
			);
			name = weather;
			productName = weather;
			productReference = AE2A7510241A5DE800CD7905 /* weather.app */;
			productType = "com.apple.product-type.application";
		};
/* End PBXNativeTarget section */

/* Begin PBXProject section */
		AE2A7508241A5DE800CD7905 /* Project object */ = {
			isa = PBXProject;
			attributes = {
				LastSwiftUpdateCheck = 1130;
				LastUpgradeCheck = 1130;
				ORGANIZATIONNAME = "Baudunov Rapkat";
				TargetAttributes = {
					AE2A750F241A5DE800CD7905 = {
						CreatedOnToolsVersion = 11.3.1;
					};
				};
			};
			buildConfigurationList = AE2A750B241A5DE800CD7905 /* Build configuration list for PBXProject "weather" */;
			compatibilityVersion = "Xcode 9.3";
			developmentRegion = en;
			hasScannedForEncodings = 0;
			knownRegions = (
				en,
				Base,
			);
			mainGroup = AE2A7507241A5DE800CD7905;
			productRefGroup = AE2A7511241A5DE800CD7905 /* Products */;
			projectDirPath = "";
			projectRoot = "";
			targets = (
				AE2A750F241A5DE800CD7905 /* weather */,
			);
		};
/* End PBXProject section */

/* Begin PBXResourcesBuildPhase section */
		AE2A750E241A5DE800CD7905 /* Resources */ = {
			isa = PBXResourcesBuildPhase;
			buildActionMask = 2147483647;
			files = (
				AE2A7520241A5DEB00CD7905 /* LaunchScreen.storyboard in Resources */,
				AE2A751D241A5DEB00CD7905 /* Assets.xcassets in Resources */,
				AE2A751B241A5DE800CD7905 /* Main.storyboard in Resources */,
			);
			runOnlyForDeploymentPostprocessing = 0;
		};
/* End PBXResourcesBuildPhase section */

/* Begin PBXShellScriptBuildPhase section */
		052DD9F5D182C781C99D64DF /* [CP] Embed Pods Frameworks */ = {
			isa = PBXShellScriptBuildPhase;
			buildActionMask = 2147483647;
			files = (
			);
			inputFileListPaths = (
				"${PODS_ROOT}/Target Support Files/Pods-weather/Pods-weather-frameworks-${CONFIGURATION}-input-files.xcfilelist",
			);
			name = "[CP] Embed Pods Frameworks";
			outputFileListPaths = (
				"${PODS_ROOT}/Target Support Files/Pods-weather/Pods-weather-frameworks-${CONFIGURATION}-output-files.xcfilelist",
			);
			runOnlyForDeploymentPostprocessing = 0;
			shellPath = /bin/sh;
			shellScript = "\"${PODS_ROOT}/Target Support Files/Pods-weather/Pods-weather-frameworks.sh\"\n";
			showEnvVarsInLog = 0;
		};
		530EC6653D660DE80DA2D695 /* [CP] Check Pods Manifest.lock */ = {
			isa = PBXShellScriptBuildPhase;
			buildActionMask = 2147483647;
			files = (
			);
			inputFileListPaths = (
			);
			inputPaths = (
				"${PODS_PODFILE_DIR_PATH}/Podfile.lock",
				"${PODS_ROOT}/Manifest.lock",
			);
			name = "[CP] Check Pods Manifest.lock";
			outputFileListPaths = (
			);
			outputPaths = (
				"$(DERIVED_FILE_DIR)/Pods-weather-checkManifestLockResult.txt",
			);
			runOnlyForDeploymentPostprocessing = 0;
			shellPath = /bin/sh;
			shellScript = "diff \"${PODS_PODFILE_DIR_PATH}/Podfile.lock\" \"${PODS_ROOT}/Manifest.lock\" > /dev/null\nif [ $? != 0 ] ; then\n    # print error to STDERR\n    echo \"error: The sandbox is not in sync with the Podfile.lock. Run 'pod install' or update your CocoaPods installation.\" >&2\n    exit 1\nfi\n# This output is used by Xcode 'outputs' to avoid re-running this script phase.\necho \"SUCCESS\" > \"${SCRIPT_OUTPUT_FILE_0}\"\n";
			showEnvVarsInLog = 0;
		};
/* End PBXShellScriptBuildPhase section */

/* Begin PBXSourcesBuildPhase section */
		AE2A750C241A5DE800CD7905 /* Sources */ = {
			isa = PBXSourcesBuildPhase;
			buildActionMask = 2147483647;
			files = (
				AE2A7518241A5DE800CD7905 /* ViewController.swift in Sources */,
				AE2A7529241B476D00CD7905 /* DataModels.swift in Sources */,
				AE2A7514241A5DE800CD7905 /* AppDelegate.swift in Sources */,
				AE2D18DA24236BD600167BA1 /* Extensions.swift in Sources */,
				AE2A7532241F922400CD7905 /* NextDaysModel.swift in Sources */,
				AE2A7530241E0F5E00CD7905 /* DataSource.swift in Sources */,
				AE2A7516241A5DE800CD7905 /* SceneDelegate.swift in Sources */,
				AE2D18D42423604600167BA1 /* Server.swift in Sources */,
			);
			runOnlyForDeploymentPostprocessing = 0;
		};
/* End PBXSourcesBuildPhase section */

/* Begin PBXVariantGroup section */
		AE2A7519241A5DE800CD7905 /* Main.storyboard */ = {
			isa = PBXVariantGroup;
			children = (
				AE2A751A241A5DE800CD7905 /* Base */,
			);
			name = Main.storyboard;
			sourceTree = "<group>";
		};
		AE2A751E241A5DEB00CD7905 /* LaunchScreen.storyboard */ = {
			isa = PBXVariantGroup;
			children = (
				AE2A751F241A5DEB00CD7905 /* Base */,
			);
			name = LaunchScreen.storyboard;
			sourceTree = "<group>";
		};
/* End PBXVariantGroup section */

/* Begin XCBuildConfiguration section */
		AE2A7522241A5DEB00CD7905 /* Debug */ = {
			isa = XCBuildConfiguration;
			buildSettings = {
				ALWAYS_SEARCH_USER_PATHS = NO;
				CLANG_ANALYZER_NONNULL = YES;
				CLANG_ANALYZER_NUMBER_OBJECT_CONVERSION = YES_AGGRESSIVE;
				CLANG_CXX_LANGUAGE_STANDARD = "gnu++14";
				CLANG_CXX_LIBRARY = "libc++";
				CLANG_ENABLE_MODULES = YES;
				CLANG_ENABLE_OBJC_ARC = YES;
				CLANG_ENABLE_OBJC_WEAK = YES;
				CLANG_WARN_BLOCK_CAPTURE_AUTORELEASING = YES;
				CLANG_WARN_BOOL_CONVERSION = YES;
				CLANG_WARN_COMMA = YES;
				CLANG_WARN_CONSTANT_CONVERSION = YES;
				CLANG_WARN_DEPRECATED_OBJC_IMPLEMENTATIONS = YES;
				CLANG_WARN_DIRECT_OBJC_ISA_USAGE = YES_ERROR;
				CLANG_WARN_DOCUMENTATION_COMMENTS = YES;
				CLANG_WARN_EMPTY_BODY = YES;
				CLANG_WARN_ENUM_CONVERSION = YES;
				CLANG_WARN_INFINITE_RECURSION = YES;
				CLANG_WARN_INT_CONVERSION = YES;
				CLANG_WARN_NON_LITERAL_NULL_CONVERSION = YES;
				CLANG_WARN_OBJC_IMPLICIT_RETAIN_SELF = YES;
				CLANG_WARN_OBJC_LITERAL_CONVERSION = YES;
				CLANG_WARN_OBJC_ROOT_CLASS = YES_ERROR;
				CLANG_WARN_RANGE_LOOP_ANALYSIS = YES;
				CLANG_WARN_STRICT_PROTOTYPES = YES;
				CLANG_WARN_SUSPICIOUS_MOVE = YES;
				CLANG_WARN_UNGUARDED_AVAILABILITY = YES_AGGRESSIVE;
				CLANG_WARN_UNREACHABLE_CODE = YES;
				CLANG_WARN__DUPLICATE_METHOD_MATCH = YES;
				COPY_PHASE_STRIP = NO;
				DEBUG_INFORMATION_FORMAT = dwarf;
				ENABLE_STRICT_OBJC_MSGSEND = YES;
				ENABLE_TESTABILITY = YES;
				GCC_C_LANGUAGE_STANDARD = gnu11;
				GCC_DYNAMIC_NO_PIC = NO;
				GCC_NO_COMMON_BLOCKS = YES;
				GCC_OPTIMIZATION_LEVEL = 0;
				GCC_PREPROCESSOR_DEFINITIONS = (
					"DEBUG=1",
					"$(inherited)",
				);
				GCC_WARN_64_TO_32_BIT_CONVERSION = YES;
				GCC_WARN_ABOUT_RETURN_TYPE = YES_ERROR;
				GCC_WARN_UNDECLARED_SELECTOR = YES;
				GCC_WARN_UNINITIALIZED_AUTOS = YES_AGGRESSIVE;
				GCC_WARN_UNUSED_FUNCTION = YES;
				GCC_WARN_UNUSED_VARIABLE = YES;
				IPHONEOS_DEPLOYMENT_TARGET = 13.2;
				MTL_ENABLE_DEBUG_INFO = INCLUDE_SOURCE;
				MTL_FAST_MATH = YES;
				ONLY_ACTIVE_ARCH = YES;
				SDKROOT = iphoneos;
				SWIFT_ACTIVE_COMPILATION_CONDITIONS = DEBUG;
				SWIFT_OPTIMIZATION_LEVEL = "-Onone";
			};
			name = Debug;
		};
		AE2A7523241A5DEB00CD7905 /* Release */ = {
			isa = XCBuildConfiguration;
			buildSettings = {
				ALWAYS_SEARCH_USER_PATHS = NO;
				CLANG_ANALYZER_NONNULL = YES;
				CLANG_ANALYZER_NUMBER_OBJECT_CONVERSION = YES_AGGRESSIVE;
				CLANG_CXX_LANGUAGE_STANDARD = "gnu++14";
				CLANG_CXX_LIBRARY = "libc++";
				CLANG_ENABLE_MODULES = YES;
				CLANG_ENABLE_OBJC_ARC = YES;
				CLANG_ENABLE_OBJC_WEAK = YES;
				CLANG_WARN_BLOCK_CAPTURE_AUTORELEASING = YES;
				CLANG_WARN_BOOL_CONVERSION = YES;
				CLANG_WARN_COMMA = YES;
				CLANG_WARN_CONSTANT_CONVERSION = YES;
				CLANG_WARN_DEPRECATED_OBJC_IMPLEMENTATIONS = YES;
				CLANG_WARN_DIRECT_OBJC_ISA_USAGE = YES_ERROR;
				CLANG_WARN_DOCUMENTATION_COMMENTS = YES;
				CLANG_WARN_EMPTY_BODY = YES;
				CLANG_WARN_ENUM_CONVERSION = YES;
				CLANG_WARN_INFINITE_RECURSION = YES;
				CLANG_WARN_INT_CONVERSION = YES;
				CLANG_WARN_NON_LITERAL_NULL_CONVERSION = YES;
				CLANG_WARN_OBJC_IMPLICIT_RETAIN_SELF = YES;
				CLANG_WARN_OBJC_LITERAL_CONVERSION = YES;
				CLANG_WARN_OBJC_ROOT_CLASS = YES_ERROR;
				CLANG_WARN_RANGE_LOOP_ANALYSIS = YES;
				CLANG_WARN_STRICT_PROTOTYPES = YES;
				CLANG_WARN_SUSPICIOUS_MOVE = YES;
				CLANG_WARN_UNGUARDED_AVAILABILITY = YES_AGGRESSIVE;
				CLANG_WARN_UNREACHABLE_CODE = YES;
				CLANG_WARN__DUPLICATE_METHOD_MATCH = YES;
				COPY_PHASE_STRIP = NO;
				DEBUG_INFORMATION_FORMAT = "dwarf-with-dsym";
				ENABLE_NS_ASSERTIONS = NO;
				ENABLE_STRICT_OBJC_MSGSEND = YES;
				GCC_C_LANGUAGE_STANDARD = gnu11;
				GCC_NO_COMMON_BLOCKS = YES;
				GCC_WARN_64_TO_32_BIT_CONVERSION = YES;
				GCC_WARN_ABOUT_RETURN_TYPE = YES_ERROR;
				GCC_WARN_UNDECLARED_SELECTOR = YES;
				GCC_WARN_UNINITIALIZED_AUTOS = YES_AGGRESSIVE;
				GCC_WARN_UNUSED_FUNCTION = YES;
				GCC_WARN_UNUSED_VARIABLE = YES;
				IPHONEOS_DEPLOYMENT_TARGET = 13.2;
				MTL_ENABLE_DEBUG_INFO = NO;
				MTL_FAST_MATH = YES;
				SDKROOT = iphoneos;
				SWIFT_COMPILATION_MODE = wholemodule;
				SWIFT_OPTIMIZATION_LEVEL = "-O";
				VALIDATE_PRODUCT = YES;
			};
			name = Release;
		};
		AE2A7525241A5DEB00CD7905 /* Debug */ = {
			isa = XCBuildConfiguration;
			baseConfigurationReference = 782B5D8EEA230203156FCBD4 /* Pods-weather.debug.xcconfig */;
			buildSettings = {
				ASSETCATALOG_COMPILER_APPICON_NAME = AppIcon;
				CODE_SIGN_STYLE = Automatic;
				DEVELOPMENT_TEAM = 5NK8G9JB84;
				INFOPLIST_FILE = weather/Info.plist;
				LD_RUNPATH_SEARCH_PATHS = (
					"$(inherited)",
					"@executable_path/Frameworks",
				);
				PRODUCT_BUNDLE_IDENTIFIER = com.exaple.weather;
				PRODUCT_NAME = "$(TARGET_NAME)";
				SWIFT_VERSION = 5.0;
				TARGETED_DEVICE_FAMILY = "1,2";
			};
			name = Debug;
		};
		AE2A7526241A5DEB00CD7905 /* Release */ = {
			isa = XCBuildConfiguration;
			baseConfigurationReference = A8189930329F34A86EEA2574 /* Pods-weather.release.xcconfig */;
			buildSettings = {
				ASSETCATALOG_COMPILER_APPICON_NAME = AppIcon;
				CODE_SIGN_STYLE = Automatic;
				DEVELOPMENT_TEAM = 5NK8G9JB84;
				INFOPLIST_FILE = weather/Info.plist;
				LD_RUNPATH_SEARCH_PATHS = (
					"$(inherited)",
					"@executable_path/Frameworks",
				);
				PRODUCT_BUNDLE_IDENTIFIER = com.exaple.weather;
				PRODUCT_NAME = "$(TARGET_NAME)";
				SWIFT_VERSION = 5.0;
				TARGETED_DEVICE_FAMILY = "1,2";
			};
			name = Release;
		};
/* End XCBuildConfiguration section */

/* Begin XCConfigurationList section */
		AE2A750B241A5DE800CD7905 /* Build configuration list for PBXProject "weather" */ = {
			isa = XCConfigurationList;
			buildConfigurations = (
				AE2A7522241A5DEB00CD7905 /* Debug */,
				AE2A7523241A5DEB00CD7905 /* Release */,
			);
			defaultConfigurationIsVisible = 0;
			defaultConfigurationName = Release;
		};
		AE2A7524241A5DEB00CD7905 /* Build configuration list for PBXNativeTarget "weather" */ = {
			isa = XCConfigurationList;
			buildConfigurations = (
				AE2A7525241A5DEB00CD7905 /* Debug */,
				AE2A7526241A5DEB00CD7905 /* Release */,
			);
			defaultConfigurationIsVisible = 0;
			defaultConfigurationName = Release;
		};
/* End XCConfigurationList section */
	};
	rootObject = AE2A7508241A5DE800CD7905 /* Project object */;
}
